# THIS IS AN AUTOGENERATED FILE. DO NOT EDIT THIS FILE DIRECTLY.
# yarn lockfile v1


xstate@^4.8.0:
  version "4.8.0"
  resolved "https://registry.yarnpkg.com/xstate/-/xstate-4.8.0.tgz#1aefa1f7828f84f61c356785615ffc0824ebf5a2"
  integrity sha512-xHSYQtCHLkcrFRxa5lK4Lp1rnKt00a80jcKFMQiMBuE+6MvTYv7twwqYpzjsJoKFjGZB3GGEpZAuY1dmlPTh/g==
